
Microsoft Visual Studio Solution File, Format Version 12.00
# Visual Studio Version 17
VisualStudioVersion = 17.6.33829.357
MinimumVisualStudioVersion = 10.0.40219.1
Project("{FAE04EC0-301F-11D3-BF4B-00C04F79EFBC}") = "ArithmeticProgression", "ArithmeticProgression.csproj", "{ECE03A14-446D-45A1-8537-134D6104D98E}"
EndProject
Global
	GlobalSection(SolutionConfigurationPlatforms) = preSolution
		Debug|Any CPU = Debug|Any CPU
		Release|Any CPU = Release|Any CPU
	EndGlobalSection
	GlobalSection(ProjectConfigurationPlatforms) = postSolution
		{ECE03A14-446D-45A1-8537-134D6104D98E}.Debug|Any CPU.ActiveCfg = Debug|Any CPU
		{ECE03A14-446D-45A1-8537-134D6104D98E}.Debug|Any CPU.Build.0 = Debug|Any CPU
		{ECE03A14-446D-45A1-8537-134D6104D98E}.Release|Any CPU.ActiveCfg = Release|Any CPU
		{ECE03A14-446D-45A1-8537-134D6104D98E}.Release|Any CPU.Build.0 = Release|Any CPU
	EndGlobalSection
	GlobalSection(SolutionProperties) = preSolution
		HideSolutionNode = FALSE
	EndGlobalSection
	GlobalSection(ExtensibilityGlobals) = postSolution
		SolutionGuid = {955827F4-DC5B-4A63-A09B-412A0D8F00B8}
	EndGlobalSection
EndGlobal
